
Microsoft Visual Studio Solution File, Format Version 12.00
# Visual Studio Version 17
VisualStudioVersion = 17.1.32414.318
MinimumVisualStudioVersion = 10.0.40219.1
Project("{FAE04EC0-301F-11D3-BF4B-00C04F79EFBC}") = "TestesDonaMariana.Forms", "TestesDonaMariana.Forms\TestesDonaMariana.Forms.csproj", "{5FA46B65-92CB-44CB-A6BE-55D4B80512A7}"
EndProject
Global
	GlobalSection(SolutionConfigurationPlatforms) = preSolution
		Debug|Any CPU = Debug|Any CPU
		Release|Any CPU = Release|Any CPU
	EndGlobalSection
	GlobalSection(ProjectConfigurationPlatforms) = postSolution
		{5FA46B65-92CB-44CB-A6BE-55D4B80512A7}.Debug|Any CPU.ActiveCfg = Debug|Any CPU
		{5FA46B65-92CB-44CB-A6BE-55D4B80512A7}.Debug|Any CPU.Build.0 = Debug|Any CPU
		{5FA46B65-92CB-44CB-A6BE-55D4B80512A7}.Release|Any CPU.ActiveCfg = Release|Any CPU
		{5FA46B65-92CB-44CB-A6BE-55D4B80512A7}.Release|Any CPU.Build.0 = Release|Any CPU
	EndGlobalSection
	GlobalSection(SolutionProperties) = preSolution
		HideSolutionNode = FALSE
	EndGlobalSection
	GlobalSection(ExtensibilityGlobals) = postSolution
		SolutionGuid = {913ED286-B958-4109-BA24-5C7D79687D17}
	EndGlobalSection
EndGlobal
